<?xml version="1.0" encoding="utf-8"?>
<Project ToolsVersion="4.0" xmlns="http://schemas.microsoft.com/developer/msbuild/2003">
  <ItemGroup>
    <Filter Include="Source Files">
      <UniqueIdentifier>{4FC737F1-C7A5-4376-A066-2A32D752A2FF}</UniqueIdentifier>
      <Extensions>cpp;c;cc;cxx;def;odl;idl;hpj;bat;asm;asmx</Extensions>
    </Filter>
    <Filter Include="Header Files">
      <UniqueIdentifier>{93995380-89BD-4b04-88EB-625FBE52EBFB}</UniqueIdentifier>
      <Extensions>h;hh;hpp;hxx;hm;inl;inc;xsd</Extensions>
    </Filter>
    <Filter Include="Resource Files">
      <UniqueIdentifier>{67DA6AB6-F800-4c08-8B7A-83BB121AAD01}</UniqueIdentifier>
      <Extensions>rc;ico;cur;bmp;dlg;rc2;rct;bin;rgs;gif;jpg;jpeg;jpe;resx;tiff;tif;png;wav;mfcribbon-ms</Extensions>
    </Filter>
  </ItemGroup>
  <ItemGroup>
    <ClCompile Include="main.cpp">
      <Filter>Source Files</Filter>
    </ClCompile>
    <ClCompile Include="src\rdps-CL\Application\ProgramComponent.cpp">
      <Filter>Source Files</Filter>
    </ClCompile>
    <ClCompile Include="src\rdps-CL\Application\PlatformComponent.cpp">
      <Filter>Source Files</Filter>
    </ClCompile>
    <ClCompile Include="src\rdps-CL\Application\MemObjectComponent.cpp">
      <Filter>Source Files</Filter>
    </ClCompile>
    <ClCompile Include="src\rdps-CL\Application\KernelComponent.cpp">
      <Filter>Source Files</Filter>
    </ClCompile>
    <ClCompile Include="src\rdps-CL\Application\ItensWorkGroupComponent.cpp">
      <Filter>Source Files</Filter>
    </ClCompile>
    <ClCompile Include="src\rdps-CL\Application\DeviceComponent.cpp">
      <Filter>Source Files</Filter>
    </ClCompile>
    <ClCompile Include="src\rdps-CL\Application\ContextComponent.cpp">
      <Filter>Source Files</Filter>
    </ClCompile>
    <ClCompile Include="src\rdps-CL\Application\CommandQueueComponent.cpp">
      <Filter>Source Files</Filter>
    </ClCompile>
    <ClCompile Include="src\rdps-CL\Application\ApplicationCLFactor.cpp">
      <Filter>Source Files</Filter>
    </ClCompile>
    <ClCompile Include="src\rdps-CL\Application\ApplicationCLBuider.cpp">
      <Filter>Source Files</Filter>
    </ClCompile>
    <ClCompile Include="src\rdps-CL\Application\ApplicationCL.cpp">
      <Filter>Source Files</Filter>
    </ClCompile>
    <ClCompile Include="src\World.cpp">
      <Filter>Source Files</Filter>
    </ClCompile>
    <ClCompile Include="src\rdps-packages\input\Container.cpp">
      <Filter>Source Files</Filter>
    </ClCompile>
    <ClCompile Include="src\rdps-packages\input\ContainerBuilder.cpp">
      <Filter>Source Files</Filter>
    </ClCompile>
    <ClCompile Include="src\rdps-packages\input\ContainerFactory.cpp">
      <Filter>Source Files</Filter>
    </ClCompile>
    <ClCompile Include="src\Util\Details.cpp">
      <Filter>Source Files</Filter>
    </ClCompile>
    <ClCompile Include="src\Util\LoaderFiles.cpp">
      <Filter>Source Files</Filter>
    </ClCompile>
    <ClCompile Include="src\Util\LogError.cpp">
      <Filter>Source Files</Filter>
    </ClCompile>
    <ClCompile Include="src\rdps-frwk\Util\Transform.cpp">
      <Filter>Source Files</Filter>
    </ClCompile>
    <ClCompile Include="src\rdps-frwk\material\brdf\BRDF.cpp">
      <Filter>Source Files</Filter>
    </ClCompile>
    <ClCompile Include="src\rdps-frwk\material\brdf\GlossySpecular.cpp">
      <Filter>Source Files</Filter>
    </ClCompile>
    <ClCompile Include="src\rdps-frwk\base\Actor.cpp">
      <Filter>Source Files</Filter>
    </ClCompile>
    <ClCompile Include="src\rdps-frwk\base\ObjectBase.cpp">
      <Filter>Source Files</Filter>
    </ClCompile>
    <ClCompile Include="src\rdps-frwk\base\GeometricObject.cpp">
      <Filter>Source Files</Filter>
    </ClCompile>
    <ClCompile Include="src\rdps-frwk\material\PhongMaterial.cpp">
      <Filter>Source Files</Filter>
    </ClCompile>
    <ClCompile Include="src\rdps-frwk\primitives\Sphere.cpp">
      <Filter>Source Files</Filter>
    </ClCompile>
    <ClCompile Include="src\rdps-frwk\primitives\Plane.cpp">
      <Filter>Source Files</Filter>
    </ClCompile>
    <ClCompile Include="src\rdps-frwk\primitives\Cube.cpp">
      <Filter>Source Files</Filter>
    </ClCompile>
    <ClCompile Include="src\rdps-frwk\material\SimpleMaterial.cpp">
      <Filter>Source Files</Filter>
    </ClCompile>
    <ClCompile Include="src\rdps-frwk\base\Light.cpp">
      <Filter>Source Files</Filter>
    </ClCompile>
    <ClCompile Include="src\rdps-frwk\lights\PointLight.cpp">
      <Filter>Source Files</Filter>
    </ClCompile>
    <ClCompile Include="src\rdps-frwk\camera\Camera.cpp">
      <Filter>Source Files</Filter>
    </ClCompile>
    <ClCompile Include="src\rdps-frwk\lights\AmbientLight.cpp">
      <Filter>Source Files</Filter>
    </ClCompile>
    <ClCompile Include="src\rdps-production\base\Collaborator.cpp">
      <Filter>Source Files</Filter>
    </ClCompile>
    <ClCompile Include="src\rdps-production\collaborators\ManagerObjects.cpp">
      <Filter>Source Files</Filter>
    </ClCompile>
    <ClCompile Include="src\rdps-production\collaborators\PackerObjects.cpp">
      <Filter>Source Files</Filter>
    </ClCompile>
    <ClCompile Include="src\rdps-frwk\Util\ViewPlane.cpp">
      <Filter>Source Files</Filter>
    </ClCompile>
    <ClCompile Include="src\rdps-frwk\base\SceneBase.cpp">
      <Filter>Source Files</Filter>
    </ClCompile>
    <ClCompile Include="src\rdps-production\msg\Message.cpp">
      <Filter>Source Files</Filter>
    </ClCompile>
    <ClCompile Include="src\rdps-production\msg\MessageDispatcher.cpp">
      <Filter>Source Files</Filter>
    </ClCompile>
    <ClCompile Include="src\rdps-packages\output\Renderer.cpp">
      <Filter>Source Files</Filter>
    </ClCompile>
    <ClCompile Include="src\rdps-production\Util\ObjectsHostPkg.cpp">
      <Filter>Source Files</Filter>
    </ClCompile>
    <ClCompile Include="src\rdps-production\collaborators\ObjectDispatcher.cpp">
      <Filter>Source Files</Filter>
    </ClCompile>
    <ClCompile Include="src\rdps-production\states\state-deliverer\ToSendObjectsForPack.cpp">
      <Filter>Source Files</Filter>
    </ClCompile>
    <ClCompile Include="src\rdps-production\states\state-deliverer\ToSendObjectsForTheDevice.cpp">
      <Filter>Source Files</Filter>
    </ClCompile>
    <ClCompile Include="src\rdps-production\states\state-global\ToRest.cpp">
      <Filter>Source Files</Filter>
    </ClCompile>
    <ClCompile Include="src\rdps-production\states\state-packer\ToPackObjectsForDevice.cpp">
      <Filter>Source Files</Filter>
    </ClCompile>
    <ClCompile Include="src\rdps-production\states\state-packer\ToPackObjectsInParts.cpp">
      <Filter>Source Files</Filter>
    </ClCompile>
    <ClCompile Include="src\rdps-production\states\StateMachine.cpp">
      <Filter>Source Files</Filter>
    </ClCompile>
    <ClCompile Include="src\rdps-production\collaborators\GeneralManager.cpp">
      <Filter>Source Files</Filter>
    </ClCompile>
    <ClCompile Include="src\rdps-production\states\state-manager\ToProcessObjectsToPack.cpp">
      <Filter>Source Files</Filter>
    </ClCompile>
    <ClCompile Include="src\scenes\Test.cpp">
      <Filter>Source Files</Filter>
    </ClCompile>
    <ClCompile Include="src\rdps-frwk\Util\Sampler.cpp">
      <Filter>Source Files</Filter>
    </ClCompile>
    <ClCompile Include="src\rdps-frwk\primitives\Rectangle.cpp">
      <Filter>Source Files</Filter>
    </ClCompile>
    <ClCompile Include="src\rdps-frwk\base\EmissiveObject.cpp">
      <Filter>Source Files</Filter>
    </ClCompile>
    <ClCompile Include="src\rdps-frwk\base\MaterialBase.cpp">
      <Filter>Source Files</Filter>
    </ClCompile>
    <ClCompile Include="src\rdps-frwk\base\Material.cpp">
      <Filter>Source Files</Filter>
    </ClCompile>
    <ClCompile Include="src\rdps-frwk\material\EmissiveMaterial.cpp">
      <Filter>Source Files</Filter>
    </ClCompile>
    <ClCompile Include="src\rdps-frwk\lights\AreaLight.cpp">
      <Filter>Source Files</Filter>
    </ClCompile>
    <ClCompile Include="src\rdps-frwk\primitives\Disk.cpp">
      <Filter>Source Files</Filter>
    </ClCompile>
    <ClCompile Include="src\system\Window.cpp">
      <Filter>Source Files</Filter>
    </ClCompile>
    <ClCompile Include="src\Util\BufferImage.cpp">
      <Filter>Source Files</Filter>
    </ClCompile>
    <ClCompile Include="src\system\Keyboard.cpp">
      <Filter>Source Files</Filter>
    </ClCompile>
    <ClCompile Include="src\rdps-frwk\primitives\SphericalLamp.cpp">
      <Filter>Source Files</Filter>
    </ClCompile>
    <ClCompile Include="src\scenes\RealTime.cpp">
      <Filter>Source Files</Filter>
    </ClCompile>
    <ClCompile Include="src\scenes\SceneTestAreaLight.cpp">
      <Filter>Source Files</Filter>
    </ClCompile>
    <ClCompile Include="src\rdps-frwk\lights\AmbientOccluder.cpp">
      <Filter>Source Files</Filter>
    </ClCompile>
    <ClCompile Include="src\rdps-frwk\material\ReflectiveMaterial.cpp">
      <Filter>Source Files</Filter>
    </ClCompile>
  </ItemGroup>
  <ItemGroup>
    <ClInclude Include="src\rdps-CL\Application\ClConfig.h">
      <Filter>Header Files</Filter>
    </ClInclude>
    <ClInclude Include="src\rdps-CL\Application\BaseClComponent.h">
      <Filter>Header Files</Filter>
    </ClInclude>
    <ClInclude Include="src\GlobalDefs.h">
      <Filter>Header Files</Filter>
    </ClInclude>
    <ClInclude Include="src\rdps-CL\Application\ProgramComponent.h">
      <Filter>Header Files</Filter>
    </ClInclude>
    <ClInclude Include="src\rdps-CL\Application\PlatformComponent.h">
      <Filter>Header Files</Filter>
    </ClInclude>
    <ClInclude Include="src\rdps-CL\Application\MemObjectComponent.h">
      <Filter>Header Files</Filter>
    </ClInclude>
    <ClInclude Include="src\rdps-CL\Application\KernelComponent.h">
      <Filter>Header Files</Filter>
    </ClInclude>
    <ClInclude Include="src\rdps-CL\Application\ItensWorkGroupComponent.h">
      <Filter>Header Files</Filter>
    </ClInclude>
    <ClInclude Include="src\rdps-CL\Application\DeviceComponent.h">
      <Filter>Header Files</Filter>
    </ClInclude>
    <ClInclude Include="src\rdps-CL\Application\ContextComponent.h">
      <Filter>Header Files</Filter>
    </ClInclude>
    <ClInclude Include="src\rdps-CL\Application\CommandQueueComponent.h">
      <Filter>Header Files</Filter>
    </ClInclude>
    <ClInclude Include="src\rdps-CL\Application\ApplicationCLFactor.h">
      <Filter>Header Files</Filter>
    </ClInclude>
    <ClInclude Include="src\rdps-CL\Application\ApplicationCLBuider.h">
      <Filter>Header Files</Filter>
    </ClInclude>
    <ClInclude Include="src\rdps-CL\Application\ApplicationCL.h">
      <Filter>Header Files</Filter>
    </ClInclude>
    <ClInclude Include="src\World.h">
      <Filter>Header Files</Filter>
    </ClInclude>
    <ClInclude Include="src\rdps-packages\ArrayBuffer.h">
      <Filter>Header Files</Filter>
    </ClInclude>
    <ClInclude Include="src\rdps-packages\DataCopy.h">
      <Filter>Header Files</Filter>
    </ClInclude>
    <ClInclude Include="src\rdps-packages\input\Package.h">
      <Filter>Header Files</Filter>
    </ClInclude>
    <ClInclude Include="src\rdps-packages\input\Container.h">
      <Filter>Header Files</Filter>
    </ClInclude>
    <ClInclude Include="src\rdps-packages\input\ContainerBuilder.h">
      <Filter>Header Files</Filter>
    </ClInclude>
    <ClInclude Include="src\rdps-packages\input\base\PackageBase.h">
      <Filter>Header Files</Filter>
    </ClInclude>
    <ClInclude Include="src\rdps-packages\output\FinalProduct.h">
      <Filter>Header Files</Filter>
    </ClInclude>
    <ClInclude Include="src\rdps-packages\input\ContainerFactory.h">
      <Filter>Header Files</Filter>
    </ClInclude>
    <ClInclude Include="src\Util\Details.h">
      <Filter>Header Files</Filter>
    </ClInclude>
    <ClInclude Include="src\Util\LoaderFiles.h">
      <Filter>Header Files</Filter>
    </ClInclude>
    <ClInclude Include="src\Util\LogError.h">
      <Filter>Header Files</Filter>
    </ClInclude>
    <ClInclude Include="src\Util\UtilGlobalDef.h">
      <Filter>Header Files</Filter>
    </ClInclude>
    <ClInclude Include="src\rdps-frwk\Util\Transform.h">
      <Filter>Header Files</Filter>
    </ClInclude>
    <ClInclude Include="src\rdps-frwk\material\brdf\BRDF.h">
      <Filter>Header Files</Filter>
    </ClInclude>
    <ClInclude Include="src\rdps-frwk\material\brdf\GlossySpecular.h">
      <Filter>Header Files</Filter>
    </ClInclude>
    <ClInclude Include="src\rdps-frwk\base\Actor.h">
      <Filter>Header Files</Filter>
    </ClInclude>
    <ClInclude Include="src\rdps-frwk\base\ObjectBase.h">
      <Filter>Header Files</Filter>
    </ClInclude>
    <ClInclude Include="src\rdps-frwk\base\GeometricObject.h">
      <Filter>Header Files</Filter>
    </ClInclude>
    <ClInclude Include="src\rdps-frwk\material\PhongMaterial.h">
      <Filter>Header Files</Filter>
    </ClInclude>
    <ClInclude Include="src\rdps-frwk\primitives\Sphere.h">
      <Filter>Header Files</Filter>
    </ClInclude>
    <ClInclude Include="src\rdps-frwk\primitives\Plane.h">
      <Filter>Header Files</Filter>
    </ClInclude>
    <ClInclude Include="src\rdps-frwk\primitives\Cube.h">
      <Filter>Header Files</Filter>
    </ClInclude>
    <ClInclude Include="src\rdps-frwk\material\SimpleMaterial.h">
      <Filter>Header Files</Filter>
    </ClInclude>
    <ClInclude Include="src\rdps-frwk\base\Light.h">
      <Filter>Header Files</Filter>
    </ClInclude>
    <ClInclude Include="src\rdps-frwk\lights\PointLight.h">
      <Filter>Header Files</Filter>
    </ClInclude>
    <ClInclude Include="src\rdps-frwk\camera\Camera.h">
      <Filter>Header Files</Filter>
    </ClInclude>
    <ClInclude Include="src\rdps-frwk\lights\AmbientLight.h">
      <Filter>Header Files</Filter>
    </ClInclude>
    <ClInclude Include="src\rdps-production\base\Collaborator.h">
      <Filter>Header Files</Filter>
    </ClInclude>
    <ClInclude Include="src\rdps-production\base\State.h">
      <Filter>Header Files</Filter>
    </ClInclude>
    <ClInclude Include="src\rdps-production\collaborators\ManagerObjects.h">
      <Filter>Header Files</Filter>
    </ClInclude>
    <ClInclude Include="src\rdps-production\collaborators\PackerObjects.h">
      <Filter>Header Files</Filter>
    </ClInclude>
    <ClInclude Include="src\rdps-packages\object-CL\ObjectsPackage.h">
      <Filter>Header Files</Filter>
    </ClInclude>
    <ClInclude Include="src\rdps-frwk\Util\ViewPlane.h">
      <Filter>Header Files</Filter>
    </ClInclude>
    <ClInclude Include="src\rdps-production\msg\Message.h">
      <Filter>Header Files</Filter>
    </ClInclude>
    <ClInclude Include="src\rdps-frwk\base\SceneBase.h">
      <Filter>Header Files</Filter>
    </ClInclude>
    <ClInclude Include="src\rdps-production\msg\MessageDispatcher.h">
      <Filter>Header Files</Filter>
    </ClInclude>
    <ClInclude Include="src\rdps-production\base\Entity.h">
      <Filter>Header Files</Filter>
    </ClInclude>
    <ClInclude Include="src\rdps-packages\output\Renderer.h">
      <Filter>Header Files</Filter>
    </ClInclude>
    <ClInclude Include="src\rdps-production\Util\ObjectsHostPkg.h">
      <Filter>Header Files</Filter>
    </ClInclude>
    <ClInclude Include="src\rdps-production\collaborators\ObjectDispatcher.h">
      <Filter>Header Files</Filter>
    </ClInclude>
    <ClInclude Include="src\rdps-production\states\state-deliverer\ToSendObjectsForPack.h">
      <Filter>Header Files</Filter>
    </ClInclude>
    <ClInclude Include="src\rdps-production\states\state-deliverer\ToSendObjectsForTheDevice.h">
      <Filter>Header Files</Filter>
    </ClInclude>
    <ClInclude Include="src\rdps-production\states\state-global\ToRest.h">
      <Filter>Header Files</Filter>
    </ClInclude>
    <ClInclude Include="src\rdps-production\states\state-packer\ToPackObjectsForDevice.h">
      <Filter>Header Files</Filter>
    </ClInclude>
    <ClInclude Include="src\rdps-production\states\state-packer\ToPackObjectsInParts.h">
      <Filter>Header Files</Filter>
    </ClInclude>
    <ClInclude Include="src\rdps-production\states\StateMachine.h">
      <Filter>Header Files</Filter>
    </ClInclude>
    <ClInclude Include="src\rdps-frwk\includes_frwk.h">
      <Filter>Header Files</Filter>
    </ClInclude>
    <ClInclude Include="src\rdps-production\states\includes_states.h">
      <Filter>Header Files</Filter>
    </ClInclude>
    <ClInclude Include="src\rdps-production\collaborators\GeneralManager.h">
      <Filter>Header Files</Filter>
    </ClInclude>
    <ClInclude Include="src\rdps-production\states\state-manager\ToProcessObjectsToPack.h">
      <Filter>Header Files</Filter>
    </ClInclude>
    <ClInclude Include="src\scenes\Test.h">
      <Filter>Header Files</Filter>
    </ClInclude>
    <ClInclude Include="src\rdps-frwk\Util\Sampler.h">
      <Filter>Header Files</Filter>
    </ClInclude>
    <ClInclude Include="src\rdps-CL\includes_appCL.h">
      <Filter>Header Files</Filter>
    </ClInclude>
    <ClInclude Include="src\rdps-packages\includes_pkg.h">
      <Filter>Header Files</Filter>
    </ClInclude>
    <ClInclude Include="src\rdps-production\includes_pdct.h">
      <Filter>Header Files</Filter>
    </ClInclude>
    <ClInclude Include="src\rdps.h">
      <Filter>Header Files</Filter>
    </ClInclude>
    <ClInclude Include="src\rdps-frwk\primitives\Rectangle.h">
      <Filter>Header Files</Filter>
    </ClInclude>
    <ClInclude Include="src\rdps-frwk\base\EmissiveObject.h">
      <Filter>Header Files</Filter>
    </ClInclude>
    <ClInclude Include="src\rdps-frwk\base\MaterialBase.h">
      <Filter>Header Files</Filter>
    </ClInclude>
    <ClInclude Include="src\rdps-frwk\base\Material.h">
      <Filter>Header Files</Filter>
    </ClInclude>
    <ClInclude Include="src\rdps-frwk\material\EmissiveMaterial.h">
      <Filter>Header Files</Filter>
    </ClInclude>
    <ClInclude Include="src\rdps-frwk\lights\AreaLight.h">
      <Filter>Header Files</Filter>
    </ClInclude>
    <ClInclude Include="src\rdps-frwk\primitives\Disk.h">
      <Filter>Header Files</Filter>
    </ClInclude>
    <ClInclude Include="src\system\Window.h">
      <Filter>Header Files</Filter>
    </ClInclude>
    <ClInclude Include="src\Util\BufferImage.h">
      <Filter>Header Files</Filter>
    </ClInclude>
    <ClInclude Include="src\system\Keyboard.h">
      <Filter>Header Files</Filter>
    </ClInclude>
    <ClInclude Include="src\rdps-frwk\primitives\SphericalLamp.h">
      <Filter>Header Files</Filter>
    </ClInclude>
    <ClInclude Include="src\scenes\RealTime.h">
      <Filter>Header Files</Filter>
    </ClInclude>
    <ClInclude Include="src\scenes\SceneTestAreaLight.h">
      <Filter>Header Files</Filter>
    </ClInclude>
    <ClInclude Include="src\rdps-frwk\lights\AmbientOccluder.h">
      <Filter>Header Files</Filter>
    </ClInclude>
    <ClInclude Include="src\rdps-frwk\material\ReflectiveMaterial.h">
      <Filter>Header Files</Filter>
    </ClInclude>
  </ItemGroup>
  <ItemGroup>
    <None Include="resource\rtGeometricObject.cl" />
    <None Include="resource\rtKernel.cl" />
    <None Include="resource\rtLights.cl" />
    <None Include="resource\rtMaterial.cl" />
    <None Include="resource\rtStructs.cl" />
    <None Include="resource\rtUtil.cl" />
    <None Include="resource\rtWorld.cl" />
    <None Include="resource\rtSamples.cl" />
  </ItemGroup>
</Project>