<?xml version="1.0" encoding="utf-8"?>
<Project ToolsVersion="4.0" xmlns="http://schemas.microsoft.com/developer/msbuild/2003">
  <ItemGroup>
    <Filter Include="Source Files">
      <UniqueIdentifier>{4FC737F1-C7A5-4376-A066-2A32D752A2FF}</UniqueIdentifier>
      <Extensions>cpp;c;cc;cxx;def;odl;idl;hpj;bat;asm;asmx</Extensions>
    </Filter>
    <Filter Include="Header Files">
      <UniqueIdentifier>{93995380-89BD-4b04-88EB-625FBE52EBFB}</UniqueIdentifier>
      <Extensions>h;hh;hpp;hxx;hm;inl;inc;xsd</Extensions>
    </Filter>
    <Filter Include="Resource Files">
      <UniqueIdentifier>{67DA6AB6-F800-4c08-8B7A-83BB121AAD01}</UniqueIdentifier>
      <Extensions>rc;ico;cur;bmp;dlg;rc2;rct;bin;rgs;gif;jpg;jpeg;jpe;resx;tiff;tif;png;wav;mfcribbon-ms</Extensions>
    </Filter>
  </ItemGroup>
  <ItemGroup>
    <ClCompile Include="main.cpp">
      <Filter>Source Files</Filter>
    </ClCompile>
    <ClCompile Include="src\rdps-CL\Application\ApplicationRT.cpp">
      <Filter>Source Files</Filter>
    </ClCompile>
    <ClCompile Include="src\rdps-CL\Application\CommandQueueComponente.cpp">
      <Filter>Source Files</Filter>
    </ClCompile>
    <ClCompile Include="src\rdps-CL\Application\ContextComponente.cpp">
      <Filter>Source Files</Filter>
    </ClCompile>
    <ClCompile Include="src\rdps-CL\Application\DeviceComponente.cpp">
      <Filter>Source Files</Filter>
    </ClCompile>
    <ClCompile Include="src\rdps-CL\Application\ItensWorkGroupComponente.cpp">
      <Filter>Source Files</Filter>
    </ClCompile>
    <ClCompile Include="src\rdps-CL\Application\KernelComponente.cpp">
      <Filter>Source Files</Filter>
    </ClCompile>
    <ClCompile Include="src\rdps-CL\Application\MemObjectComponente.cpp">
      <Filter>Source Files</Filter>
    </ClCompile>
    <ClCompile Include="src\rdps-CL\Application\PlatformComponente.cpp">
      <Filter>Source Files</Filter>
    </ClCompile>
    <ClCompile Include="src\rdps-CL\Application\ProgramComponente.cpp">
      <Filter>Source Files</Filter>
    </ClCompile>
    <ClCompile Include="src\rdps-CL\Util\Details.cpp">
      <Filter>Source Files</Filter>
    </ClCompile>
    <ClCompile Include="src\rdps-CL\Util\LoaderFiles.cpp">
      <Filter>Source Files</Filter>
    </ClCompile>
    <ClCompile Include="src\rdps-CL\Util\LogError.cpp">
      <Filter>Source Files</Filter>
    </ClCompile>
    <ClCompile Include="src\rdps-CL\Application\ApplicationRTBuider.cpp">
      <Filter>Source Files</Filter>
    </ClCompile>
  </ItemGroup>
  <ItemGroup>
    <ClInclude Include="src\rdps-CL\Application\ClConfig.h">
      <Filter>Header Files</Filter>
    </ClInclude>
    <ClInclude Include="src\rdps-CL\ClGlobalDef.h">
      <Filter>Header Files</Filter>
    </ClInclude>
    <ClInclude Include="src\rdps-CL\Application\BaseClComponent.h">
      <Filter>Header Files</Filter>
    </ClInclude>
    <ClInclude Include="src\rdps-CL\Application\ApplicationRT.h">
      <Filter>Header Files</Filter>
    </ClInclude>
    <ClInclude Include="src\rdps-CL\Application\CommandQueueComponente.h">
      <Filter>Header Files</Filter>
    </ClInclude>
    <ClInclude Include="src\rdps-CL\Application\ContextComponente.h">
      <Filter>Header Files</Filter>
    </ClInclude>
    <ClInclude Include="src\rdps-CL\Application\DeviceComponente.h">
      <Filter>Header Files</Filter>
    </ClInclude>
    <ClInclude Include="src\rdps-CL\Application\ItensWorkGroupComponente.h">
      <Filter>Header Files</Filter>
    </ClInclude>
    <ClInclude Include="src\rdps-CL\Application\KernelComponente.h">
      <Filter>Header Files</Filter>
    </ClInclude>
    <ClInclude Include="src\rdps-CL\Application\MemObjectComponente.h">
      <Filter>Header Files</Filter>
    </ClInclude>
    <ClInclude Include="src\rdps-CL\Application\PlatformComponente.h">
      <Filter>Header Files</Filter>
    </ClInclude>
    <ClInclude Include="src\rdps-CL\Application\ProgramComponente.h">
      <Filter>Header Files</Filter>
    </ClInclude>
    <ClInclude Include="src\rdps-package\ArrayBuffer.h">
      <Filter>Header Files</Filter>
    </ClInclude>
    <ClInclude Include="src\rdps-CL\Util\Details.h">
      <Filter>Header Files</Filter>
    </ClInclude>
    <ClInclude Include="src\rdps-CL\Util\LoaderFiles.h">
      <Filter>Header Files</Filter>
    </ClInclude>
    <ClInclude Include="src\rdps-CL\Util\LogError.h">
      <Filter>Header Files</Filter>
    </ClInclude>
    <ClInclude Include="src\rdps-CL\Util\UtilGlobalDef.h">
      <Filter>Header Files</Filter>
    </ClInclude>
    <ClInclude Include="src\GlobalDefs.h">
      <Filter>Header Files</Filter>
    </ClInclude>
    <ClInclude Include="src\rdps-package\PkgGlobalDef.h">
      <Filter>Header Files</Filter>
    </ClInclude>
    <ClInclude Include="src\rdps-CL\Application\ApplicationRTBuider.h">
      <Filter>Header Files</Filter>
    </ClInclude>
  </ItemGroup>
  <ItemGroup>
    <None Include="src\resource\Test.cl" />
  </ItemGroup>
</Project>